// !$*UTF8*$!
{
	archiveVersion = 1;
	classes = {
	};
	objectVersion = 55;
	objects = {

/* Begin PBXBuildFile section */
		10F309DF2904637A00FD3A08 /* BlackboardApp.swift in Sources */ = {isa = PBXBuildFile; fileRef = 10F309DE2904637A00FD3A08 /* BlackboardApp.swift */; };
		10F309E12904637A00FD3A08 /* ContentView.swift in Sources */ = {isa = PBXBuildFile; fileRef = 10F309E02904637A00FD3A08 /* ContentView.swift */; };
		10F309E32904637E00FD3A08 /* Assets.xcassets in Resources */ = {isa = PBXBuildFile; fileRef = 10F309E22904637E00FD3A08 /* Assets.xcassets */; };
		10F309E62904637E00FD3A08 /* Preview Assets.xcassets in Resources */ = {isa = PBXBuildFile; fileRef = 10F309E52904637E00FD3A08 /* Preview Assets.xcassets */; };
		10F309F12904637E00FD3A08 /* BlackboardTests.swift in Sources */ = {isa = PBXBuildFile; fileRef = 10F309F02904637E00FD3A08 /* BlackboardTests.swift */; };
		10F309FB2904637E00FD3A08 /* BlackboardUITests.swift in Sources */ = {isa = PBXBuildFile; fileRef = 10F309FA2904637E00FD3A08 /* BlackboardUITests.swift */; };
		10F309FD2904637E00FD3A08 /* BlackboardUITestsLaunchTests.swift in Sources */ = {isa = PBXBuildFile; fileRef = 10F309FC2904637E00FD3A08 /* BlackboardUITestsLaunchTests.swift */; };
/* End PBXBuildFile section */

/* Begin PBXContainerItemProxy section */
		10F309ED2904637E00FD3A08 /* PBXContainerItemProxy */ = {
			isa = PBXContainerItemProxy;
			containerPortal = 10F309D32904637900FD3A08 /* Project object */;
			proxyType = 1;
			remoteGlobalIDString = 10F309DA2904637900FD3A08;
			remoteInfo = Blackboard;
		};
		10F309F72904637E00FD3A08 /* PBXContainerItemProxy */ = {
			isa = PBXContainerItemProxy;
			containerPortal = 10F309D32904637900FD3A08 /* Project object */;
			proxyType = 1;
			remoteGlobalIDString = 10F309DA2904637900FD3A08;
			remoteInfo = Blackboard;
		};
/* End PBXContainerItemProxy section */

/* Begin PBXFileReference section */
		10F309DB2904637A00FD3A08 /* Blackboard.app */ = {isa = PBXFileReference; explicitFileType = wrapper.application; includeInIndex = 0; path = Blackboard.app; sourceTree = BUILT_PRODUCTS_DIR; };
		10F309DE2904637A00FD3A08 /* BlackboardApp.swift */ = {isa = PBXFileReference; lastKnownFileType = sourcecode.swift; path = BlackboardApp.swift; sourceTree = "<group>"; };
		10F309E02904637A00FD3A08 /* ContentView.swift */ = {isa = PBXFileReference; lastKnownFileType = sourcecode.swift; path = ContentView.swift; sourceTree = "<group>"; };
		10F309E22904637E00FD3A08 /* Assets.xcassets */ = {isa = PBXFileReference; lastKnownFileType = folder.assetcatalog; path = Assets.xcassets; sourceTree = "<group>"; };
		10F309E52904637E00FD3A08 /* Preview Assets.xcassets */ = {isa = PBXFileReference; lastKnownFileType = folder.assetcatalog; path = "Preview Assets.xcassets"; sourceTree = "<group>"; };
		10F309E72904637E00FD3A08 /* Blackboard.entitlements */ = {isa = PBXFileReference; lastKnownFileType = text.plist.entitlements; path = Blackboard.entitlements; sourceTree = "<group>"; };
		10F309EC2904637E00FD3A08 /* BlackboardTests.xctest */ = {isa = PBXFileReference; explicitFileType = wrapper.cfbundle; includeInIndex = 0; path = BlackboardTests.xctest; sourceTree = BUILT_PRODUCTS_DIR; };
		10F309F02904637E00FD3A08 /* BlackboardTests.swift */ = {isa = PBXFileReference; lastKnownFileType = sourcecode.swift; path = BlackboardTests.swift; sourceTree = "<group>"; };
		10F309F62904637E00FD3A08 /* BlackboardUITests.xctest */ = {isa = PBXFileReference; explicitFileType = wrapper.cfbundle; includeInIndex = 0; path = BlackboardUITests.xctest; sourceTree = BUILT_PRODUCTS_DIR; };
		10F309FA2904637E00FD3A08 /* BlackboardUITests.swift */ = {isa = PBXFileReference; lastKnownFileType = sourcecode.swift; path = BlackboardUITests.swift; sourceTree = "<group>"; };
		10F309FC2904637E00FD3A08 /* BlackboardUITestsLaunchTests.swift */ = {isa = PBXFileReference; lastKnownFileType = sourcecode.swift; path = BlackboardUITestsLaunchTests.swift; sourceTree = "<group>"; };
/* End PBXFileReference section */

/* Begin PBXFrameworksBuildPhase section */
		10F309D82904637900FD3A08 /* Frameworks */ = {
			isa = PBXFrameworksBuildPhase;
			buildActionMask = 2147483647;
			files = (
			);
			runOnlyForDeploymentPostprocessing = 0;
		};
		10F309E92904637E00FD3A08 /* Frameworks */ = {
			isa = PBXFrameworksBuildPhase;
			buildActionMask = 2147483647;
			files = (
			);
			runOnlyForDeploymentPostprocessing = 0;
		};
		10F309F32904637E00FD3A08 /* Frameworks */ = {
			isa = PBXFrameworksBuildPhase;
			buildActionMask = 2147483647;
			files = (
			);
			runOnlyForDeploymentPostprocessing = 0;
		};
/* End PBXFrameworksBuildPhase section */

/* Begin PBXGroup section */
		10F309D22904637900FD3A08 = {
			isa = PBXGroup;
			children = (
				10F309DD2904637A00FD3A08 /* Blackboard */,
				10F309EF2904637E00FD3A08 /* BlackboardTests */,
				10F309F92904637E00FD3A08 /* BlackboardUITests */,
				10F309DC2904637A00FD3A08 /* Products */,
			);
			sourceTree = "<group>";
		};
		10F309DC2904637A00FD3A08 /* Products */ = {
			isa = PBXGroup;
			children = (
				10F309DB2904637A00FD3A08 /* Blackboard.app */,
				10F309EC2904637E00FD3A08 /* BlackboardTests.xctest */,
				10F309F62904637E00FD3A08 /* BlackboardUITests.xctest */,
			);
			name = Products;
			sourceTree = "<group>";
		};
		10F309DD2904637A00FD3A08 /* Blackboard */ = {
			isa = PBXGroup;
			children = (
				10F309DE2904637A00FD3A08 /* BlackboardApp.swift */,
				10F309E02904637A00FD3A08 /* ContentView.swift */,
				10F309E22904637E00FD3A08 /* Assets.xcassets */,
				10F309E72904637E00FD3A08 /* Blackboard.entitlements */,
				10F309E42904637E00FD3A08 /* Preview Content */,
			);
			path = Blackboard;
			sourceTree = "<group>";
		};
		10F309E42904637E00FD3A08 /* Preview Content */ = {
			isa = PBXGroup;
			children = (
				10F309E52904637E00FD3A08 /* Preview Assets.xcassets */,
			);
			path = "Preview Content";
			sourceTree = "<group>";
		};
		10F309EF2904637E00FD3A08 /* BlackboardTests */ = {
			isa = PBXGroup;
			children = (
				10F309F02904637E00FD3A08 /* BlackboardTests.swift */,
			);
			path = BlackboardTests;
			sourceTree = "<group>";
		};
		10F309F92904637E00FD3A08 /* BlackboardUITests */ = {
			isa = PBXGroup;
			children = (
				10F309FA2904637E00FD3A08 /* BlackboardUITests.swift */,
				10F309FC2904637E00FD3A08 /* BlackboardUITestsLaunchTests.swift */,
			);
			path = BlackboardUITests;
			sourceTree = "<group>";
		};
/* End PBXGroup section */

/* Begin PBXNativeTarget section */
		10F309DA2904637900FD3A08 /* Blackboard */ = {
			isa = PBXNativeTarget;
			buildConfigurationList = 10F30A002904637E00FD3A08 /* Build configuration list for PBXNativeTarget "Blackboard" */;
			buildPhases = (
				10F309D72904637900FD3A08 /* Sources */,
				10F309D82904637900FD3A08 /* Frameworks */,
				10F309D92904637900FD3A08 /* Resources */,
			);
			buildRules = (
			);
			dependencies = (
			);
			name = Blackboard;
			productName = Blackboard;
			productReference = 10F309DB2904637A00FD3A08 /* Blackboard.app */;
			productType = "com.apple.product-type.application";
		};
		10F309EB2904637E00FD3A08 /* BlackboardTests */ = {
			isa = PBXNativeTarget;
			buildConfigurationList = 10F30A032904637E00FD3A08 /* Build configuration list for PBXNativeTarget "BlackboardTests" */;
			buildPhases = (
				10F309E82904637E00FD3A08 /* Sources */,
				10F309E92904637E00FD3A08 /* Frameworks */,
				10F309EA2904637E00FD3A08 /* Resources */,
			);
			buildRules = (
			);
			dependencies = (
				10F309EE2904637E00FD3A08 /* PBXTargetDependency */,
			);
			name = BlackboardTests;
			productName = BlackboardTests;
			productReference = 10F309EC2904637E00FD3A08 /* BlackboardTests.xctest */;
			productType = "com.apple.product-type.bundle.unit-test";
		};
		10F309F52904637E00FD3A08 /* BlackboardUITests */ = {
			isa = PBXNativeTarget;
			buildConfigurationList = 10F30A062904637E00FD3A08 /* Build configuration list for PBXNativeTarget "BlackboardUITests" */;
			buildPhases = (
				10F309F22904637E00FD3A08 /* Sources */,
				10F309F32904637E00FD3A08 /* Frameworks */,
				10F309F42904637E00FD3A08 /* Resources */,
			);
			buildRules = (
			);
			dependencies = (
				10F309F82904637E00FD3A08 /* PBXTargetDependency */,
			);
			name = BlackboardUITests;
			productName = BlackboardUITests;
			productReference = 10F309F62904637E00FD3A08 /* BlackboardUITests.xctest */;
			productType = "com.apple.product-type.bundle.ui-testing";
		};
/* End PBXNativeTarget section */

/* Begin PBXProject section */
		10F309D32904637900FD3A08 /* Project object */ = {
			isa = PBXProject;
			attributes = {
				BuildIndependentTargetsInParallel = 1;
				LastSwiftUpdateCheck = 1330;
				LastUpgradeCheck = 1330;
				TargetAttributes = {
					10F309DA2904637900FD3A08 = {
						CreatedOnToolsVersion = 13.3.1;
					};
					10F309EB2904637E00FD3A08 = {
						CreatedOnToolsVersion = 13.3.1;
						TestTargetID = 10F309DA2904637900FD3A08;
					};
					10F309F52904637E00FD3A08 = {
						CreatedOnToolsVersion = 13.3.1;
						TestTargetID = 10F309DA2904637900FD3A08;
					};
				};
			};
			buildConfigurationList = 10F309D62904637900FD3A08 /* Build configuration list for PBXProject "Blackboard" */;
			compatibilityVersion = "Xcode 13.0";
			developmentRegion = en;
			hasScannedForEncodings = 0;
			knownRegions = (
				en,
				Base,
			);
			mainGroup = 10F309D22904637900FD3A08;
			productRefGroup = 10F309DC2904637A00FD3A08 /* Products */;
			projectDirPath = "";
			projectRoot = "";
			targets = (
				10F309DA2904637900FD3A08 /* Blackboard */,
				10F309EB2904637E00FD3A08 /* BlackboardTests */,
				10F309F52904637E00FD3A08 /* BlackboardUITests */,
			);
		};
/* End PBXProject section */

/* Begin PBXResourcesBuildPhase section */
		10F309D92904637900FD3A08 /* Resources */ = {
			isa = PBXResourcesBuildPhase;
			buildActionMask = 2147483647;
			files = (
				10F309E62904637E00FD3A08 /* Preview Assets.xcassets in Resources */,
				10F309E32904637E00FD3A08 /* Assets.xcassets in Resources */,
			);
			runOnlyForDeploymentPostprocessing = 0;
		};
		10F309EA2904637E00FD3A08 /* Resources */ = {
			isa = PBXResourcesBuildPhase;
			buildActionMask = 2147483647;
			files = (
			);
			runOnlyForDeploymentPostprocessing = 0;
		};
		10F309F42904637E00FD3A08 /* Resources */ = {
			isa = PBXResourcesBuildPhase;
			buildActionMask = 2147483647;
			files = (
			);
			runOnlyForDeploymentPostprocessing = 0;
		};
/* End PBXResourcesBuildPhase section */

/* Begin PBXSourcesBuildPhase section */
		10F309D72904637900FD3A08 /* Sources */ = {
			isa = PBXSourcesBuildPhase;
			buildActionMask = 2147483647;
			files = (
				10F309E12904637A00FD3A08 /* ContentView.swift in Sources */,
				10F309DF2904637A00FD3A08 /* BlackboardApp.swift in Sources */,
			);
			runOnlyForDeploymentPostprocessing = 0;
		};
		10F309E82904637E00FD3A08 /* Sources */ = {
			isa = PBXSourcesBuildPhase;
			buildActionMask = 2147483647;
			files = (
				10F309F12904637E00FD3A08 /* BlackboardTests.swift in Sources */,
			);
			runOnlyForDeploymentPostprocessing = 0;
		};
		10F309F22904637E00FD3A08 /* Sources */ = {
			isa = PBXSourcesBuildPhase;
			buildActionMask = 2147483647;
			files = (
				10F309FB2904637E00FD3A08 /* BlackboardUITests.swift in Sources */,
				10F309FD2904637E00FD3A08 /* BlackboardUITestsLaunchTests.swift in Sources */,
			);
			runOnlyForDeploymentPostprocessing = 0;
		};
/* End PBXSourcesBuildPhase section */

/* Begin PBXTargetDependency section */
		10F309EE2904637E00FD3A08 /* PBXTargetDependency */ = {
			isa = PBXTargetDependency;
			target = 10F309DA2904637900FD3A08 /* Blackboard */;
			targetProxy = 10F309ED2904637E00FD3A08 /* PBXContainerItemProxy */;
		};
		10F309F82904637E00FD3A08 /* PBXTargetDependency */ = {
			isa = PBXTargetDependency;
			target = 10F309DA2904637900FD3A08 /* Blackboard */;
			targetProxy = 10F309F72904637E00FD3A08 /* PBXContainerItemProxy */;
		};
/* End PBXTargetDependency section */

/* Begin XCBuildConfiguration section */
		10F309FE2904637E00FD3A08 /* Debug */ = {
			isa = XCBuildConfiguration;
			buildSettings = {
				ALWAYS_SEARCH_USER_PATHS = NO;
				CLANG_ANALYZER_NONNULL = YES;
				CLANG_ANALYZER_NUMBER_OBJECT_CONVERSION = YES_AGGRESSIVE;
				CLANG_CXX_LANGUAGE_STANDARD = "gnu++17";
				CLANG_ENABLE_MODULES = YES;
				CLANG_ENABLE_OBJC_ARC = YES;
				CLANG_ENABLE_OBJC_WEAK = YES;
				CLANG_WARN_BLOCK_CAPTURE_AUTORELEASING = YES;
				CLANG_WARN_BOOL_CONVERSION = YES;
				CLANG_WARN_COMMA = YES;
				CLANG_WARN_CONSTANT_CONVERSION = YES;
				CLANG_WARN_DEPRECATED_OBJC_IMPLEMENTATIONS = YES;
				CLANG_WARN_DIRECT_OBJC_ISA_USAGE = YES_ERROR;
				CLANG_WARN_DOCUMENTATION_COMMENTS = YES;
				CLANG_WARN_EMPTY_BODY = YES;
				CLANG_WARN_ENUM_CONVERSION = YES;
				CLANG_WARN_INFINITE_RECURSION = YES;
				CLANG_WARN_INT_CONVERSION = YES;
				CLANG_WARN_NON_LITERAL_NULL_CONVERSION = YES;
				CLANG_WARN_OBJC_IMPLICIT_RETAIN_SELF = YES;
				CLANG_WARN_OBJC_LITERAL_CONVERSION = YES;
				CLANG_WARN_OBJC_ROOT_CLASS = YES_ERROR;
				CLANG_WARN_QUOTED_INCLUDE_IN_FRAMEWORK_HEADER = YES;
				CLANG_WARN_RANGE_LOOP_ANALYSIS = YES;
				CLANG_WARN_STRICT_PROTOTYPES = YES;
				CLANG_WARN_SUSPICIOUS_MOVE = YES;
				CLANG_WARN_UNGUARDED_AVAILABILITY = YES_AGGRESSIVE;
				CLANG_WARN_UNREACHABLE_CODE = YES;
				CLANG_WARN__DUPLICATE_METHOD_MATCH = YES;
				COPY_PHASE_STRIP = NO;
				DEBUG_INFORMATION_FORMAT = dwarf;
				ENABLE_STRICT_OBJC_MSGSEND = YES;
				ENABLE_TESTABILITY = YES;
				GCC_C_LANGUAGE_STANDARD = gnu11;
				GCC_DYNAMIC_NO_PIC = NO;
				GCC_NO_COMMON_BLOCKS = YES;
				GCC_OPTIMIZATION_LEVEL = 0;
				GCC_PREPROCESSOR_DEFINITIONS = (
					"DEBUG=1",
					"$(inherited)",
				);
				GCC_WARN_64_TO_32_BIT_CONVERSION = YES;
				GCC_WARN_ABOUT_RETURN_TYPE = YES_ERROR;
				GCC_WARN_UNDECLARED_SELECTOR = YES;
				GCC_WARN_UNINITIALIZED_AUTOS = YES_AGGRESSIVE;
				GCC_WARN_UNUSED_FUNCTION = YES;
				GCC_WARN_UNUSED_VARIABLE = YES;
				MACOSX_DEPLOYMENT_TARGET = 12.3;
				MTL_ENABLE_DEBUG_INFO = INCLUDE_SOURCE;
				MTL_FAST_MATH = YES;
				ONLY_ACTIVE_ARCH = YES;
				SDKROOT = macosx;
				SWIFT_ACTIVE_COMPILATION_CONDITIONS = DEBUG;
				SWIFT_OPTIMIZATION_LEVEL = "-Onone";
			};
			name = Debug;
		};
		10F309FF2904637E00FD3A08 /* Release */ = {
			isa = XCBuildConfiguration;
			buildSettings = {
				ALWAYS_SEARCH_USER_PATHS = NO;
				CLANG_ANALYZER_NONNULL = YES;
				CLANG_ANALYZER_NUMBER_OBJECT_CONVERSION = YES_AGGRESSIVE;
				CLANG_CXX_LANGUAGE_STANDARD = "gnu++17";
				CLANG_ENABLE_MODULES = YES;
				CLANG_ENABLE_OBJC_ARC = YES;
				CLANG_ENABLE_OBJC_WEAK = YES;
				CLANG_WARN_BLOCK_CAPTURE_AUTORELEASING = YES;
				CLANG_WARN_BOOL_CONVERSION = YES;
				CLANG_WARN_COMMA = YES;
				CLANG_WARN_CONSTANT_CONVERSION = YES;
				CLANG_WARN_DEPRECATED_OBJC_IMPLEMENTATIONS = YES;
				CLANG_WARN_DIRECT_OBJC_ISA_USAGE = YES_ERROR;
				CLANG_WARN_DOCUMENTATION_COMMENTS = YES;
				CLANG_WARN_EMPTY_BODY = YES;
				CLANG_WARN_ENUM_CONVERSION = YES;
				CLANG_WARN_INFINITE_RECURSION = YES;
				CLANG_WARN_INT_CONVERSION = YES;
				CLANG_WARN_NON_LITERAL_NULL_CONVERSION = YES;
				CLANG_WARN_OBJC_IMPLICIT_RETAIN_SELF = YES;
				CLANG_WARN_OBJC_LITERAL_CONVERSION = YES;
				CLANG_WARN_OBJC_ROOT_CLASS = YES_ERROR;
				CLANG_WARN_QUOTED_INCLUDE_IN_FRAMEWORK_HEADER = YES;
				CLANG_WARN_RANGE_LOOP_ANALYSIS = YES;
				CLANG_WARN_STRICT_PROTOTYPES = YES;
				CLANG_WARN_SUSPICIOUS_MOVE = YES;
				CLANG_WARN_UNGUARDED_AVAILABILITY = YES_AGGRESSIVE;
				CLANG_WARN_UNREACHABLE_CODE = YES;
				CLANG_WARN__DUPLICATE_METHOD_MATCH = YES;
				COPY_PHASE_STRIP = NO;
				DEBUG_INFORMATION_FORMAT = "dwarf-with-dsym";
				ENABLE_NS_ASSERTIONS = NO;
				ENABLE_STRICT_OBJC_MSGSEND = YES;
				GCC_C_LANGUAGE_STANDARD = gnu11;
				GCC_NO_COMMON_BLOCKS = YES;
				GCC_WARN_64_TO_32_BIT_CONVERSION = YES;
				GCC_WARN_ABOUT_RETURN_TYPE = YES_ERROR;
				GCC_WARN_UNDECLARED_SELECTOR = YES;
				GCC_WARN_UNINITIALIZED_AUTOS = YES_AGGRESSIVE;
				GCC_WARN_UNUSED_FUNCTION = YES;
				GCC_WARN_UNUSED_VARIABLE = YES;
				MACOSX_DEPLOYMENT_TARGET = 12.3;
				MTL_ENABLE_DEBUG_INFO = NO;
				MTL_FAST_MATH = YES;
				SDKROOT = macosx;
				SWIFT_COMPILATION_MODE = wholemodule;
				SWIFT_OPTIMIZATION_LEVEL = "-O";
			};
			name = Release;
		};
		10F30A012904637E00FD3A08 /* Debug */ = {
			isa = XCBuildConfiguration;
			buildSettings = {
				ASSETCATALOG_COMPILER_APPICON_NAME = AppIcon;
				ASSETCATALOG_COMPILER_GLOBAL_ACCENT_COLOR_NAME = AccentColor;
				CODE_SIGN_ENTITLEMENTS = Blackboard/Blackboard.entitlements;
				CODE_SIGN_STYLE = Automatic;
				COMBINE_HIDPI_IMAGES = YES;
				CURRENT_PROJECT_VERSION = 1;
				DEVELOPMENT_ASSET_PATHS = "\"Blackboard/Preview Content\"";
				ENABLE_PREVIEWS = YES;
				GENERATE_INFOPLIST_FILE = YES;
				INFOPLIST_KEY_NSHumanReadableCopyright = "";
				LD_RUNPATH_SEARCH_PATHS = (
					"$(inherited)",
					"@executable_path/../Frameworks",
				);
				MARKETING_VERSION = 1.0;
				PRODUCT_BUNDLE_IDENTIFIER = austin.Blackboard;
				PRODUCT_NAME = "$(TARGET_NAME)";
				SWIFT_EMIT_LOC_STRINGS = YES;
				SWIFT_VERSION = 5.0;
			};
			name = Debug;
		};
		10F30A022904637E00FD3A08 /* Release */ = {
			isa = XCBuildConfiguration;
			buildSettings = {
				ASSETCATALOG_COMPILER_APPICON_NAME = AppIcon;
				ASSETCATALOG_COMPILER_GLOBAL_ACCENT_COLOR_NAME = AccentColor;
				CODE_SIGN_ENTITLEMENTS = Blackboard/Blackboard.entitlements;
				CODE_SIGN_STYLE = Automatic;
				COMBINE_HIDPI_IMAGES = YES;
				CURRENT_PROJECT_VERSION = 1;
				DEVELOPMENT_ASSET_PATHS = "\"Blackboard/Preview Content\"";
				ENABLE_PREVIEWS = YES;
				GENERATE_INFOPLIST_FILE = YES;
				INFOPLIST_KEY_NSHumanReadableCopyright = "";
				LD_RUNPATH_SEARCH_PATHS = (
					"$(inherited)",
					"@executable_path/../Frameworks",
				);
				MARKETING_VERSION = 1.0;
				PRODUCT_BUNDLE_IDENTIFIER = austin.Blackboard;
				PRODUCT_NAME = "$(TARGET_NAME)";
				SWIFT_EMIT_LOC_STRINGS = YES;
				SWIFT_VERSION = 5.0;
			};
			name = Release;
		};
		10F30A042904637E00FD3A08 /* Debug */ = {
			isa = XCBuildConfiguration;
			buildSettings = {
				ALWAYS_EMBED_SWIFT_STANDARD_LIBRARIES = YES;
				BUNDLE_LOADER = "$(TEST_HOST)";
				CODE_SIGN_STYLE = Automatic;
				CURRENT_PROJECT_VERSION = 1;
				GENERATE_INFOPLIST_FILE = YES;
				MACOSX_DEPLOYMENT_TARGET = 12.3;
				MARKETING_VERSION = 1.0;
				PRODUCT_BUNDLE_IDENTIFIER = austin.BlackboardTests;
				PRODUCT_NAME = "$(TARGET_NAME)";
				SWIFT_EMIT_LOC_STRINGS = NO;
				SWIFT_VERSION = 5.0;
				TEST_HOST = "$(BUILT_PRODUCTS_DIR)/Blackboard.app/Contents/MacOS/Blackboard";
			};
			name = Debug;
		};
		10F30A052904637E00FD3A08 /* Release */ = {
			isa = XCBuildConfiguration;
			buildSettings = {
				ALWAYS_EMBED_SWIFT_STANDARD_LIBRARIES = YES;
				BUNDLE_LOADER = "$(TEST_HOST)";
				CODE_SIGN_STYLE = Automatic;
				CURRENT_PROJECT_VERSION = 1;
				GENERATE_INFOPLIST_FILE = YES;
				MACOSX_DEPLOYMENT_TARGET = 12.3;
				MARKETING_VERSION = 1.0;
				PRODUCT_BUNDLE_IDENTIFIER = austin.BlackboardTests;
				PRODUCT_NAME = "$(TARGET_NAME)";
				SWIFT_EMIT_LOC_STRINGS = NO;
				SWIFT_VERSION = 5.0;
				TEST_HOST = "$(BUILT_PRODUCTS_DIR)/Blackboard.app/Contents/MacOS/Blackboard";
			};
			name = Release;
		};
		10F30A072904637E00FD3A08 /* Debug */ = {
			isa = XCBuildConfiguration;
			buildSettings = {
				ALWAYS_EMBED_SWIFT_STANDARD_LIBRARIES = YES;
				CODE_SIGN_STYLE = Automatic;
				CURRENT_PROJECT_VERSION = 1;
				GENERATE_INFOPLIST_FILE = YES;
				MARKETING_VERSION = 1.0;
				PRODUCT_BUNDLE_IDENTIFIER = austin.BlackboardUITests;
				PRODUCT_NAME = "$(TARGET_NAME)";
				SWIFT_EMIT_LOC_STRINGS = NO;
				SWIFT_VERSION = 5.0;
				TEST_TARGET_NAME = Blackboard;
			};
			name = Debug;
		};
		10F30A082904637E00FD3A08 /* Release */ = {
			isa = XCBuildConfiguration;
			buildSettings = {
				ALWAYS_EMBED_SWIFT_STANDARD_LIBRARIES = YES;
				CODE_SIGN_STYLE = Automatic;
				CURRENT_PROJECT_VERSION = 1;
				GENERATE_INFOPLIST_FILE = YES;
				MARKETING_VERSION = 1.0;
				PRODUCT_BUNDLE_IDENTIFIER = austin.BlackboardUITests;
				PRODUCT_NAME = "$(TARGET_NAME)";
				SWIFT_EMIT_LOC_STRINGS = NO;
				SWIFT_VERSION = 5.0;
				TEST_TARGET_NAME = Blackboard;
			};
			name = Release;
		};
/* End XCBuildConfiguration section */

/* Begin XCConfigurationList section */
		10F309D62904637900FD3A08 /* Build configuration list for PBXProject "Blackboard" */ = {
			isa = XCConfigurationList;
			buildConfigurations = (
				10F309FE2904637E00FD3A08 /* Debug */,
				10F309FF2904637E00FD3A08 /* Release */,
			);
			defaultConfigurationIsVisible = 0;
			defaultConfigurationName = Release;
		};
		10F30A002904637E00FD3A08 /* Build configuration list for PBXNativeTarget "Blackboard" */ = {
			isa = XCConfigurationList;
			buildConfigurations = (
				10F30A012904637E00FD3A08 /* Debug */,
				10F30A022904637E00FD3A08 /* Release */,
			);
			defaultConfigurationIsVisible = 0;
			defaultConfigurationName = Release;
		};
		10F30A032904637E00FD3A08 /* Build configuration list for PBXNativeTarget "BlackboardTests" */ = {
			isa = XCConfigurationList;
			buildConfigurations = (
				10F30A042904637E00FD3A08 /* Debug */,
				10F30A052904637E00FD3A08 /* Release */,
			);
			defaultConfigurationIsVisible = 0;
			defaultConfigurationName = Release;
		};
		10F30A062904637E00FD3A08 /* Build configuration list for PBXNativeTarget "BlackboardUITests" */ = {
			isa = XCConfigurationList;
			buildConfigurations = (
				10F30A072904637E00FD3A08 /* Debug */,
				10F30A082904637E00FD3A08 /* Release */,
			);
			defaultConfigurationIsVisible = 0;
			defaultConfigurationName = Release;
		};
/* End XCConfigurationList section */
	};
	rootObject = 10F309D32904637900FD3A08 /* Project object */;
}
